// !$*UTF8*$!
{
	archiveVersion = 1;
	classes = {
	};
	objectVersion = 48;
	objects = {

/* Begin PBXBuildFile section */
		FF4D250220214CB3001AF361 /* AppDelegate.swift in Sources */ = {isa = PBXBuildFile; fileRef = FF4D250120214CB3001AF361 /* AppDelegate.swift */; };
		FF4D250420214CB3001AF361 /* ViewController.swift in Sources */ = {isa = PBXBuildFile; fileRef = FF4D250320214CB3001AF361 /* ViewController.swift */; };
		FF4D250720214CB3001AF361 /* Main.storyboard in Resources */ = {isa = PBXBuildFile; fileRef = FF4D250520214CB3001AF361 /* Main.storyboard */; };
		FF4D250920214CB3001AF361 /* Assets.xcassets in Resources */ = {isa = PBXBuildFile; fileRef = FF4D250820214CB3001AF361 /* Assets.xcassets */; };
		FF4D250C20214CB3001AF361 /* LaunchScreen.storyboard in Resources */ = {isa = PBXBuildFile; fileRef = FF4D250A20214CB3001AF361 /* LaunchScreen.storyboard */; };
		FF4D251720214CB3001AF361 /* W1A_FlixTests.swift in Sources */ = {isa = PBXBuildFile; fileRef = FF4D251620214CB3001AF361 /* W1A_FlixTests.swift */; };
		FF4D252220214CB3001AF361 /* W1A_FlixUITests.swift in Sources */ = {isa = PBXBuildFile; fileRef = FF4D252120214CB3001AF361 /* W1A_FlixUITests.swift */; };
/* End PBXBuildFile section */

/* Begin PBXContainerItemProxy section */
		FF4D251320214CB3001AF361 /* PBXContainerItemProxy */ = {
			isa = PBXContainerItemProxy;
			containerPortal = FF4D24F620214CB3001AF361 /* Project object */;
			proxyType = 1;
			remoteGlobalIDString = FF4D24FD20214CB3001AF361;
			remoteInfo = "W1A-Flix";
		};
		FF4D251E20214CB3001AF361 /* PBXContainerItemProxy */ = {
			isa = PBXContainerItemProxy;
			containerPortal = FF4D24F620214CB3001AF361 /* Project object */;
			proxyType = 1;
			remoteGlobalIDString = FF4D24FD20214CB3001AF361;
			remoteInfo = "W1A-Flix";
		};
/* End PBXContainerItemProxy section */

/* Begin PBXFileReference section */
		FF4D24FE20214CB3001AF361 /* W1A-Flix.app */ = {isa = PBXFileReference; explicitFileType = wrapper.application; includeInIndex = 0; path = "W1A-Flix.app"; sourceTree = BUILT_PRODUCTS_DIR; };
		FF4D250120214CB3001AF361 /* AppDelegate.swift */ = {isa = PBXFileReference; lastKnownFileType = sourcecode.swift; path = AppDelegate.swift; sourceTree = "<group>"; };
		FF4D250320214CB3001AF361 /* ViewController.swift */ = {isa = PBXFileReference; lastKnownFileType = sourcecode.swift; path = ViewController.swift; sourceTree = "<group>"; };
		FF4D250620214CB3001AF361 /* Base */ = {isa = PBXFileReference; lastKnownFileType = file.storyboard; name = Base; path = Base.lproj/Main.storyboard; sourceTree = "<group>"; };
		FF4D250820214CB3001AF361 /* Assets.xcassets */ = {isa = PBXFileReference; lastKnownFileType = folder.assetcatalog; path = Assets.xcassets; sourceTree = "<group>"; };
		FF4D250B20214CB3001AF361 /* Base */ = {isa = PBXFileReference; lastKnownFileType = file.storyboard; name = Base; path = Base.lproj/LaunchScreen.storyboard; sourceTree = "<group>"; };
		FF4D250D20214CB3001AF361 /* Info.plist */ = {isa = PBXFileReference; lastKnownFileType = text.plist.xml; path = Info.plist; sourceTree = "<group>"; };
		FF4D251220214CB3001AF361 /* W1A-FlixTests.xctest */ = {isa = PBXFileReference; explicitFileType = wrapper.cfbundle; includeInIndex = 0; path = "W1A-FlixTests.xctest"; sourceTree = BUILT_PRODUCTS_DIR; };
		FF4D251620214CB3001AF361 /* W1A_FlixTests.swift */ = {isa = PBXFileReference; lastKnownFileType = sourcecode.swift; path = W1A_FlixTests.swift; sourceTree = "<group>"; };
		FF4D251820214CB3001AF361 /* Info.plist */ = {isa = PBXFileReference; lastKnownFileType = text.plist.xml; path = Info.plist; sourceTree = "<group>"; };
		FF4D251D20214CB3001AF361 /* W1A-FlixUITests.xctest */ = {isa = PBXFileReference; explicitFileType = wrapper.cfbundle; includeInIndex = 0; path = "W1A-FlixUITests.xctest"; sourceTree = BUILT_PRODUCTS_DIR; };
		FF4D252120214CB3001AF361 /* W1A_FlixUITests.swift */ = {isa = PBXFileReference; lastKnownFileType = sourcecode.swift; path = W1A_FlixUITests.swift; sourceTree = "<group>"; };
		FF4D252320214CB3001AF361 /* Info.plist */ = {isa = PBXFileReference; lastKnownFileType = text.plist.xml; path = Info.plist; sourceTree = "<group>"; };
/* End PBXFileReference section */

/* Begin PBXFrameworksBuildPhase section */
		FF4D24FB20214CB3001AF361 /* Frameworks */ = {
			isa = PBXFrameworksBuildPhase;
			buildActionMask = 2147483647;
			files = (
			);
			runOnlyForDeploymentPostprocessing = 0;
		};
		FF4D250F20214CB3001AF361 /* Frameworks */ = {
			isa = PBXFrameworksBuildPhase;
			buildActionMask = 2147483647;
			files = (
			);
			runOnlyForDeploymentPostprocessing = 0;
		};
		FF4D251A20214CB3001AF361 /* Frameworks */ = {
			isa = PBXFrameworksBuildPhase;
			buildActionMask = 2147483647;
			files = (
			);
			runOnlyForDeploymentPostprocessing = 0;
		};
/* End PBXFrameworksBuildPhase section */

/* Begin PBXGroup section */
		FF4D24F520214CB3001AF361 = {
			isa = PBXGroup;
			children = (
				FF4D250020214CB3001AF361 /* W1A-Flix */,
				FF4D251520214CB3001AF361 /* W1A-FlixTests */,
				FF4D252020214CB3001AF361 /* W1A-FlixUITests */,
				FF4D24FF20214CB3001AF361 /* Products */,
			);
			sourceTree = "<group>";
		};
		FF4D24FF20214CB3001AF361 /* Products */ = {
			isa = PBXGroup;
			children = (
				FF4D24FE20214CB3001AF361 /* W1A-Flix.app */,
				FF4D251220214CB3001AF361 /* W1A-FlixTests.xctest */,
				FF4D251D20214CB3001AF361 /* W1A-FlixUITests.xctest */,
			);
			name = Products;
			sourceTree = "<group>";
		};
		FF4D250020214CB3001AF361 /* W1A-Flix */ = {
			isa = PBXGroup;
			children = (
				FF4D250120214CB3001AF361 /* AppDelegate.swift */,
				FF4D250320214CB3001AF361 /* ViewController.swift */,
				FF4D250520214CB3001AF361 /* Main.storyboard */,
				FF4D250820214CB3001AF361 /* Assets.xcassets */,
				FF4D250A20214CB3001AF361 /* LaunchScreen.storyboard */,
				FF4D250D20214CB3001AF361 /* Info.plist */,
			);
			path = "W1A-Flix";
			sourceTree = "<group>";
		};
		FF4D251520214CB3001AF361 /* W1A-FlixTests */ = {
			isa = PBXGroup;
			children = (
				FF4D251620214CB3001AF361 /* W1A_FlixTests.swift */,
				FF4D251820214CB3001AF361 /* Info.plist */,
			);
			path = "W1A-FlixTests";
			sourceTree = "<group>";
		};
		FF4D252020214CB3001AF361 /* W1A-FlixUITests */ = {
			isa = PBXGroup;
			children = (
				FF4D252120214CB3001AF361 /* W1A_FlixUITests.swift */,
				FF4D252320214CB3001AF361 /* Info.plist */,
			);
			path = "W1A-FlixUITests";
			sourceTree = "<group>";
		};
/* End PBXGroup section */

/* Begin PBXNativeTarget section */
		FF4D24FD20214CB3001AF361 /* W1A-Flix */ = {
			isa = PBXNativeTarget;
			buildConfigurationList = FF4D252620214CB3001AF361 /* Build configuration list for PBXNativeTarget "W1A-Flix" */;
			buildPhases = (
				FF4D24FA20214CB3001AF361 /* Sources */,
				FF4D24FB20214CB3001AF361 /* Frameworks */,
				FF4D24FC20214CB3001AF361 /* Resources */,
			);
			buildRules = (
			);
			dependencies = (
			);
			name = "W1A-Flix";
			productName = "W1A-Flix";
			productReference = FF4D24FE20214CB3001AF361 /* W1A-Flix.app */;
			productType = "com.apple.product-type.application";
		};
		FF4D251120214CB3001AF361 /* W1A-FlixTests */ = {
			isa = PBXNativeTarget;
			buildConfigurationList = FF4D252920214CB3001AF361 /* Build configuration list for PBXNativeTarget "W1A-FlixTests" */;
			buildPhases = (
				FF4D250E20214CB3001AF361 /* Sources */,
				FF4D250F20214CB3001AF361 /* Frameworks */,
				FF4D251020214CB3001AF361 /* Resources */,
			);
			buildRules = (
			);
			dependencies = (
				FF4D251420214CB3001AF361 /* PBXTargetDependency */,
			);
			name = "W1A-FlixTests";
			productName = "W1A-FlixTests";
			productReference = FF4D251220214CB3001AF361 /* W1A-FlixTests.xctest */;
			productType = "com.apple.product-type.bundle.unit-test";
		};
		FF4D251C20214CB3001AF361 /* W1A-FlixUITests */ = {
			isa = PBXNativeTarget;
			buildConfigurationList = FF4D252C20214CB3001AF361 /* Build configuration list for PBXNativeTarget "W1A-FlixUITests" */;
			buildPhases = (
				FF4D251920214CB3001AF361 /* Sources */,
				FF4D251A20214CB3001AF361 /* Frameworks */,
				FF4D251B20214CB3001AF361 /* Resources */,
			);
			buildRules = (
			);
			dependencies = (
				FF4D251F20214CB3001AF361 /* PBXTargetDependency */,
			);
			name = "W1A-FlixUITests";
			productName = "W1A-FlixUITests";
			productReference = FF4D251D20214CB3001AF361 /* W1A-FlixUITests.xctest */;
			productType = "com.apple.product-type.bundle.ui-testing";
		};
/* End PBXNativeTarget section */

/* Begin PBXProject section */
		FF4D24F620214CB3001AF361 /* Project object */ = {
			isa = PBXProject;
			attributes = {
				LastSwiftUpdateCheck = 0920;
				LastUpgradeCheck = 0920;
				ORGANIZATIONNAME = "Melissa Phuong Nguyen";
				TargetAttributes = {
					FF4D24FD20214CB3001AF361 = {
						CreatedOnToolsVersion = 9.2;
						ProvisioningStyle = Automatic;
					};
					FF4D251120214CB3001AF361 = {
						CreatedOnToolsVersion = 9.2;
						ProvisioningStyle = Automatic;
						TestTargetID = FF4D24FD20214CB3001AF361;
					};
					FF4D251C20214CB3001AF361 = {
						CreatedOnToolsVersion = 9.2;
						ProvisioningStyle = Automatic;
						TestTargetID = FF4D24FD20214CB3001AF361;
					};
				};
			};
			buildConfigurationList = FF4D24F920214CB3001AF361 /* Build configuration list for PBXProject "W1A-Flix" */;
			compatibilityVersion = "Xcode 8.0";
			developmentRegion = en;
			hasScannedForEncodings = 0;
			knownRegions = (
				en,
				Base,
			);
			mainGroup = FF4D24F520214CB3001AF361;
			productRefGroup = FF4D24FF20214CB3001AF361 /* Products */;
			projectDirPath = "";
			projectRoot = "";
			targets = (
				FF4D24FD20214CB3001AF361 /* W1A-Flix */,
				FF4D251120214CB3001AF361 /* W1A-FlixTests */,
				FF4D251C20214CB3001AF361 /* W1A-FlixUITests */,
			);
		};
/* End PBXProject section */

/* Begin PBXResourcesBuildPhase section */
		FF4D24FC20214CB3001AF361 /* Resources */ = {
			isa = PBXResourcesBuildPhase;
			buildActionMask = 2147483647;
			files = (
				FF4D250C20214CB3001AF361 /* LaunchScreen.storyboard in Resources */,
				FF4D250920214CB3001AF361 /* Assets.xcassets in Resources */,
				FF4D250720214CB3001AF361 /* Main.storyboard in Resources */,
			);
			runOnlyForDeploymentPostprocessing = 0;
		};
		FF4D251020214CB3001AF361 /* Resources */ = {
			isa = PBXResourcesBuildPhase;
			buildActionMask = 2147483647;
			files = (
			);
			runOnlyForDeploymentPostprocessing = 0;
		};
		FF4D251B20214CB3001AF361 /* Resources */ = {
			isa = PBXResourcesBuildPhase;
			buildActionMask = 2147483647;
			files = (
			);
			runOnlyForDeploymentPostprocessing = 0;
		};
/* End PBXResourcesBuildPhase section */

/* Begin PBXSourcesBuildPhase section */
		FF4D24FA20214CB3001AF361 /* Sources */ = {
			isa = PBXSourcesBuildPhase;
			buildActionMask = 2147483647;
			files = (
				FF4D250420214CB3001AF361 /* ViewController.swift in Sources */,
				FF4D250220214CB3001AF361 /* AppDelegate.swift in Sources */,
			);
			runOnlyForDeploymentPostprocessing = 0;
		};
		FF4D250E20214CB3001AF361 /* Sources */ = {
			isa = PBXSourcesBuildPhase;
			buildActionMask = 2147483647;
			files = (
				FF4D251720214CB3001AF361 /* W1A_FlixTests.swift in Sources */,
			);
			runOnlyForDeploymentPostprocessing = 0;
		};
		FF4D251920214CB3001AF361 /* Sources */ = {
			isa = PBXSourcesBuildPhase;
			buildActionMask = 2147483647;
			files = (
				FF4D252220214CB3001AF361 /* W1A_FlixUITests.swift in Sources */,
			);
			runOnlyForDeploymentPostprocessing = 0;
		};
/* End PBXSourcesBuildPhase section */

/* Begin PBXTargetDependency section */
		FF4D251420214CB3001AF361 /* PBXTargetDependency */ = {
			isa = PBXTargetDependency;
			target = FF4D24FD20214CB3001AF361 /* W1A-Flix */;
			targetProxy = FF4D251320214CB3001AF361 /* PBXContainerItemProxy */;
		};
		FF4D251F20214CB3001AF361 /* PBXTargetDependency */ = {
			isa = PBXTargetDependency;
			target = FF4D24FD20214CB3001AF361 /* W1A-Flix */;
			targetProxy = FF4D251E20214CB3001AF361 /* PBXContainerItemProxy */;
		};
/* End PBXTargetDependency section */

/* Begin PBXVariantGroup section */
		FF4D250520214CB3001AF361 /* Main.storyboard */ = {
			isa = PBXVariantGroup;
			children = (
				FF4D250620214CB3001AF361 /* Base */,
			);
			name = Main.storyboard;
			sourceTree = "<group>";
		};
		FF4D250A20214CB3001AF361 /* LaunchScreen.storyboard */ = {
			isa = PBXVariantGroup;
			children = (
				FF4D250B20214CB3001AF361 /* Base */,
			);
			name = LaunchScreen.storyboard;
			sourceTree = "<group>";
		};
/* End PBXVariantGroup section */

/* Begin XCBuildConfiguration section */
		FF4D252420214CB3001AF361 /* Debug */ = {
			isa = XCBuildConfiguration;
			buildSettings = {
				ALWAYS_SEARCH_USER_PATHS = NO;
				CLANG_ANALYZER_NONNULL = YES;
				CLANG_ANALYZER_NUMBER_OBJECT_CONVERSION = YES_AGGRESSIVE;
				CLANG_CXX_LANGUAGE_STANDARD = "gnu++14";
				CLANG_CXX_LIBRARY = "libc++";
				CLANG_ENABLE_MODULES = YES;
				CLANG_ENABLE_OBJC_ARC = YES;
				CLANG_WARN_BLOCK_CAPTURE_AUTORELEASING = YES;
				CLANG_WARN_BOOL_CONVERSION = YES;
				CLANG_WARN_COMMA = YES;
				CLANG_WARN_CONSTANT_CONVERSION = YES;
				CLANG_WARN_DIRECT_OBJC_ISA_USAGE = YES_ERROR;
				CLANG_WARN_DOCUMENTATION_COMMENTS = YES;
				CLANG_WARN_EMPTY_BODY = YES;
				CLANG_WARN_ENUM_CONVERSION = YES;
				CLANG_WARN_INFINITE_RECURSION = YES;
				CLANG_WARN_INT_CONVERSION = YES;
				CLANG_WARN_NON_LITERAL_NULL_CONVERSION = YES;
				CLANG_WARN_OBJC_LITERAL_CONVERSION = YES;
				CLANG_WARN_OBJC_ROOT_CLASS = YES_ERROR;
				CLANG_WARN_RANGE_LOOP_ANALYSIS = YES;
				CLANG_WARN_STRICT_PROTOTYPES = YES;
				CLANG_WARN_SUSPICIOUS_MOVE = YES;
				CLANG_WARN_UNGUARDED_AVAILABILITY = YES_AGGRESSIVE;
				CLANG_WARN_UNREACHABLE_CODE = YES;
				CLANG_WARN__DUPLICATE_METHOD_MATCH = YES;
				CODE_SIGN_IDENTITY = "iPhone Developer";
				COPY_PHASE_STRIP = NO;
				DEBUG_INFORMATION_FORMAT = dwarf;
				ENABLE_STRICT_OBJC_MSGSEND = YES;
				ENABLE_TESTABILITY = YES;
				GCC_C_LANGUAGE_STANDARD = gnu11;
				GCC_DYNAMIC_NO_PIC = NO;
				GCC_NO_COMMON_BLOCKS = YES;
				GCC_OPTIMIZATION_LEVEL = 0;
				GCC_PREPROCESSOR_DEFINITIONS = (
					"DEBUG=1",
					"$(inherited)",
				);
				GCC_WARN_64_TO_32_BIT_CONVERSION = YES;
				GCC_WARN_ABOUT_RETURN_TYPE = YES_ERROR;
				GCC_WARN_UNDECLARED_SELECTOR = YES;
				GCC_WARN_UNINITIALIZED_AUTOS = YES_AGGRESSIVE;
				GCC_WARN_UNUSED_FUNCTION = YES;
				GCC_WARN_UNUSED_VARIABLE = YES;
				IPHONEOS_DEPLOYMENT_TARGET = 11.2;
				MTL_ENABLE_DEBUG_INFO = YES;
				ONLY_ACTIVE_ARCH = YES;
				SDKROOT = iphoneos;
				SWIFT_ACTIVE_COMPILATION_CONDITIONS = DEBUG;
				SWIFT_OPTIMIZATION_LEVEL = "-Onone";
			};
			name = Debug;
		};
		FF4D252520214CB3001AF361 /* Release */ = {
			isa = XCBuildConfiguration;
			buildSettings = {
				ALWAYS_SEARCH_USER_PATHS = NO;
				CLANG_ANALYZER_NONNULL = YES;
				CLANG_ANALYZER_NUMBER_OBJECT_CONVERSION = YES_AGGRESSIVE;
				CLANG_CXX_LANGUAGE_STANDARD = "gnu++14";
				CLANG_CXX_LIBRARY = "libc++";
				CLANG_ENABLE_MODULES = YES;
				CLANG_ENABLE_OBJC_ARC = YES;
				CLANG_WARN_BLOCK_CAPTURE_AUTORELEASING = YES;
				CLANG_WARN_BOOL_CONVERSION = YES;
				CLANG_WARN_COMMA = YES;
				CLANG_WARN_CONSTANT_CONVERSION = YES;
				CLANG_WARN_DIRECT_OBJC_ISA_USAGE = YES_ERROR;
				CLANG_WARN_DOCUMENTATION_COMMENTS = YES;
				CLANG_WARN_EMPTY_BODY = YES;
				CLANG_WARN_ENUM_CONVERSION = YES;
				CLANG_WARN_INFINITE_RECURSION = YES;
				CLANG_WARN_INT_CONVERSION = YES;
				CLANG_WARN_NON_LITERAL_NULL_CONVERSION = YES;
				CLANG_WARN_OBJC_LITERAL_CONVERSION = YES;
				CLANG_WARN_OBJC_ROOT_CLASS = YES_ERROR;
				CLANG_WARN_RANGE_LOOP_ANALYSIS = YES;
				CLANG_WARN_STRICT_PROTOTYPES = YES;
				CLANG_WARN_SUSPICIOUS_MOVE = YES;
				CLANG_WARN_UNGUARDED_AVAILABILITY = YES_AGGRESSIVE;
				CLANG_WARN_UNREACHABLE_CODE = YES;
				CLANG_WARN__DUPLICATE_METHOD_MATCH = YES;
				CODE_SIGN_IDENTITY = "iPhone Developer";
				COPY_PHASE_STRIP = NO;
				DEBUG_INFORMATION_FORMAT = "dwarf-with-dsym";
				ENABLE_NS_ASSERTIONS = NO;
				ENABLE_STRICT_OBJC_MSGSEND = YES;
				GCC_C_LANGUAGE_STANDARD = gnu11;
				GCC_NO_COMMON_BLOCKS = YES;
				GCC_WARN_64_TO_32_BIT_CONVERSION = YES;
				GCC_WARN_ABOUT_RETURN_TYPE = YES_ERROR;
				GCC_WARN_UNDECLARED_SELECTOR = YES;
				GCC_WARN_UNINITIALIZED_AUTOS = YES_AGGRESSIVE;
				GCC_WARN_UNUSED_FUNCTION = YES;
				GCC_WARN_UNUSED_VARIABLE = YES;
				IPHONEOS_DEPLOYMENT_TARGET = 11.2;
				MTL_ENABLE_DEBUG_INFO = NO;
				SDKROOT = iphoneos;
				SWIFT_OPTIMIZATION_LEVEL = "-Owholemodule";
				VALIDATE_PRODUCT = YES;
			};
			name = Release;
		};
		FF4D252720214CB3001AF361 /* Debug */ = {
			isa = XCBuildConfiguration;
			buildSettings = {
				ASSETCATALOG_COMPILER_APPICON_NAME = AppIcon;
				CODE_SIGN_STYLE = Automatic;
				INFOPLIST_FILE = "W1A-Flix/Info.plist";
				LD_RUNPATH_SEARCH_PATHS = "$(inherited) @executable_path/Frameworks";
				PRODUCT_BUNDLE_IDENTIFIER = "com.melissanguyen.W1A-Flix";
				PRODUCT_NAME = "$(TARGET_NAME)";
				SWIFT_VERSION = 4.0;
				TARGETED_DEVICE_FAMILY = "1,2";
			};
			name = Debug;
		};
		FF4D252820214CB3001AF361 /* Release */ = {
			isa = XCBuildConfiguration;
			buildSettings = {
				ASSETCATALOG_COMPILER_APPICON_NAME = AppIcon;
				CODE_SIGN_STYLE = Automatic;
				INFOPLIST_FILE = "W1A-Flix/Info.plist";
				LD_RUNPATH_SEARCH_PATHS = "$(inherited) @executable_path/Frameworks";
				PRODUCT_BUNDLE_IDENTIFIER = "com.melissanguyen.W1A-Flix";
				PRODUCT_NAME = "$(TARGET_NAME)";
				SWIFT_VERSION = 4.0;
				TARGETED_DEVICE_FAMILY = "1,2";
			};
			name = Release;
		};
		FF4D252A20214CB3001AF361 /* Debug */ = {
			isa = XCBuildConfiguration;
			buildSettings = {
				ALWAYS_EMBED_SWIFT_STANDARD_LIBRARIES = YES;
				BUNDLE_LOADER = "$(TEST_HOST)";
				CODE_SIGN_STYLE = Automatic;
				INFOPLIST_FILE = "W1A-FlixTests/Info.plist";
				LD_RUNPATH_SEARCH_PATHS = "$(inherited) @executable_path/Frameworks @loader_path/Frameworks";
				PRODUCT_BUNDLE_IDENTIFIER = "com.melissanguyen.W1A-FlixTests";
				PRODUCT_NAME = "$(TARGET_NAME)";
				SWIFT_VERSION = 4.0;
				TARGETED_DEVICE_FAMILY = "1,2";
				TEST_HOST = "$(BUILT_PRODUCTS_DIR)/W1A-Flix.app/W1A-Flix";
			};
			name = Debug;
		};
		FF4D252B20214CB3001AF361 /* Release */ = {
			isa = XCBuildConfiguration;
			buildSettings = {
				ALWAYS_EMBED_SWIFT_STANDARD_LIBRARIES = YES;
				BUNDLE_LOADER = "$(TEST_HOST)";
				CODE_SIGN_STYLE = Automatic;
				INFOPLIST_FILE = "W1A-FlixTests/Info.plist";
				LD_RUNPATH_SEARCH_PATHS = "$(inherited) @executable_path/Frameworks @loader_path/Frameworks";
				PRODUCT_BUNDLE_IDENTIFIER = "com.melissanguyen.W1A-FlixTests";
				PRODUCT_NAME = "$(TARGET_NAME)";
				SWIFT_VERSION = 4.0;
				TARGETED_DEVICE_FAMILY = "1,2";
				TEST_HOST = "$(BUILT_PRODUCTS_DIR)/W1A-Flix.app/W1A-Flix";
			};
			name = Release;
		};
		FF4D252D20214CB3001AF361 /* Debug */ = {
			isa = XCBuildConfiguration;
			buildSettings = {
				ALWAYS_EMBED_SWIFT_STANDARD_LIBRARIES = YES;
				CODE_SIGN_STYLE = Automatic;
				INFOPLIST_FILE = "W1A-FlixUITests/Info.plist";
				LD_RUNPATH_SEARCH_PATHS = "$(inherited) @executable_path/Frameworks @loader_path/Frameworks";
				PRODUCT_BUNDLE_IDENTIFIER = "com.melissanguyen.W1A-FlixUITests";
				PRODUCT_NAME = "$(TARGET_NAME)";
				SWIFT_VERSION = 4.0;
				TARGETED_DEVICE_FAMILY = "1,2";
				TEST_TARGET_NAME = "W1A-Flix";
			};
			name = Debug;
		};
		FF4D252E20214CB3001AF361 /* Release */ = {
			isa = XCBuildConfiguration;
			buildSettings = {
				ALWAYS_EMBED_SWIFT_STANDARD_LIBRARIES = YES;
				CODE_SIGN_STYLE = Automatic;
				INFOPLIST_FILE = "W1A-FlixUITests/Info.plist";
				LD_RUNPATH_SEARCH_PATHS = "$(inherited) @executable_path/Frameworks @loader_path/Frameworks";
				PRODUCT_BUNDLE_IDENTIFIER = "com.melissanguyen.W1A-FlixUITests";
				PRODUCT_NAME = "$(TARGET_NAME)";
				SWIFT_VERSION = 4.0;
				TARGETED_DEVICE_FAMILY = "1,2";
				TEST_TARGET_NAME = "W1A-Flix";
			};
			name = Release;
		};
/* End XCBuildConfiguration section */

/* Begin XCConfigurationList section */
		FF4D24F920214CB3001AF361 /* Build configuration list for PBXProject "W1A-Flix" */ = {
			isa = XCConfigurationList;
			buildConfigurations = (
				FF4D252420214CB3001AF361 /* Debug */,
				FF4D252520214CB3001AF361 /* Release */,
			);
			defaultConfigurationIsVisible = 0;
			defaultConfigurationName = Release;
		};
		FF4D252620214CB3001AF361 /* Build configuration list for PBXNativeTarget "W1A-Flix" */ = {
			isa = XCConfigurationList;
			buildConfigurations = (
				FF4D252720214CB3001AF361 /* Debug */,
				FF4D252820214CB3001AF361 /* Release */,
			);
			defaultConfigurationIsVisible = 0;
			defaultConfigurationName = Release;
		};
		FF4D252920214CB3001AF361 /* Build configuration list for PBXNativeTarget "W1A-FlixTests" */ = {
			isa = XCConfigurationList;
			buildConfigurations = (
				FF4D252A20214CB3001AF361 /* Debug */,
				FF4D252B20214CB3001AF361 /* Release */,
			);
			defaultConfigurationIsVisible = 0;
			defaultConfigurationName = Release;
		};
		FF4D252C20214CB3001AF361 /* Build configuration list for PBXNativeTarget "W1A-FlixUITests" */ = {
			isa = XCConfigurationList;
			buildConfigurations = (
				FF4D252D20214CB3001AF361 /* Debug */,
				FF4D252E20214CB3001AF361 /* Release */,
			);
			defaultConfigurationIsVisible = 0;
			defaultConfigurationName = Release;
		};
/* End XCConfigurationList section */
	};
	rootObject = FF4D24F620214CB3001AF361 /* Project object */;
}
